// !$*UTF8*$!
{
	archiveVersion = 1;
	classes = {
	};
	objectVersion = 77;
	objects = {

/* Begin PBXBuildFile section */
		15C630F7FE81723F2780045B /* Format.swift in Sources */ = {isa = PBXBuildFile; fileRef = A658A9BB8B7C5E2ABA91B2D4 /* Format.swift */; };
		1B096F1E805912EF42AEFAF5 /* Models.swift in Sources */ = {isa = PBXBuildFile; fileRef = 3DD1C47DED498DE898D28917 /* Models.swift */; };
		1D57853F7ECE0D421110B294 /* Assets.xcassets in Resources */ = {isa = PBXBuildFile; fileRef = 25A157C2783387BF090F6FB1 /* Assets.xcassets */; };
		200D0C444EEA45B555BBF6E2 /* BrowserURLProvider.swift in Sources */ = {isa = PBXBuildFile; fileRef = 2CC38A035AF0863130C91476 /* BrowserURLProvider.swift */; };
		39E7264349E180A5237184D2 /* Theme.swift in Sources */ = {isa = PBXBuildFile; fileRef = 1D3942B894E0C15DE019AB26 /* Theme.swift */; };
		3A2559C980B070118963B104 /* ActiveContext.swift in Sources */ = {isa = PBXBuildFile; fileRef = 5B4A732D8280B1862BDD5202 /* ActiveContext.swift */; };
		4FD1CC8F6F5EA0DE92A9508C /* Ratio.swift in Sources */ = {isa = PBXBuildFile; fileRef = A6D85FDCD35A04BCC5F7F4BA /* Ratio.swift */; };
		6EE72487DE53DA12BA2D8FF3 /* main.swift in Sources */ = {isa = PBXBuildFile; fileRef = BFBCA20E4DD2AA7397DE6EBD /* main.swift */; };
		707FD17C50E8E68CE9CDD788 /* LaunchAtLogin.swift in Sources */ = {isa = PBXBuildFile; fileRef = C4EA493B4ECCA6FC2CD1C970 /* LaunchAtLogin.swift */; };
		998453D85903788E7DB51526 /* Icons.swift in Sources */ = {isa = PBXBuildFile; fileRef = 34B48989EF3BE177C5EC153E /* Icons.swift */; };
		9A223AB5DCC3E5072E3505BA /* PanelController.swift in Sources */ = {isa = PBXBuildFile; fileRef = 8F6AC281AB074DE2BF8548AA /* PanelController.swift */; };
		A6B3D85195C7FDA7E8C717E7 /* Store.swift in Sources */ = {isa = PBXBuildFile; fileRef = 912CAD02A86283A043A58B15 /* Store.swift */; };
		A7377035A1DA57F302E0E182 /* IdleMonitor.swift in Sources */ = {isa = PBXBuildFile; fileRef = CC42B26320AB05CDF33D145E /* IdleMonitor.swift */; };
		AFADF5FC0C574619D34F52B5 /* StaticSources.swift in Sources */ = {isa = PBXBuildFile; fileRef = 681B1403702E9F0496F06CEA /* StaticSources.swift */; };
		B02C0244EE3540D9CF9C4150 /* PanelView.swift in Sources */ = {isa = PBXBuildFile; fileRef = 71C2EF5A99BE3D549E41B48F /* PanelView.swift */; };
		B24D228BB0776566501078B1 /* Tracker.swift in Sources */ = {isa = PBXBuildFile; fileRef = 5FB177C1886E17B3B4B71CFF /* Tracker.swift */; };
		B41C750D1D835C8DE170133B /* PanelShape.swift in Sources */ = {isa = PBXBuildFile; fileRef = 3C4ABE64BEA1B9412FB02AEF /* PanelShape.swift */; };
		C5086C8287B655605BB0DEFF /* Snapshotter.swift in Sources */ = {isa = PBXBuildFile; fileRef = 56974D48D8C10C5E42B784E4 /* Snapshotter.swift */; };
		D3694F605FB21CE75468D04F /* StatusItemController.swift in Sources */ = {isa = PBXBuildFile; fileRef = 743940966156A31F9B16308C /* StatusItemController.swift */; };
		E9913509F58E86C6EEF92FD0 /* AppDelegate.swift in Sources */ = {isa = PBXBuildFile; fileRef = 5BBD353DB06F3134344DD9AB /* AppDelegate.swift */; };
		F8B334CECFD7229513C84618 /* SplitTests.swift in Sources */ = {isa = PBXBuildFile; fileRef = D94B8C3D3EF9596DB63F0CB9 /* SplitTests.swift */; };
/* End PBXBuildFile section */

/* Begin PBXContainerItemProxy section */
		9022D08A1405E7A5CAC804B8 /* PBXContainerItemProxy */ = {
			isa = PBXContainerItemProxy;
			containerPortal = 39487DDC6B8877F538585529 /* Project object */;
			proxyType = 1;
			remoteGlobalIDString = 0BB76617CB56D0A8897921DA;
			remoteInfo = Split;
		};
/* End PBXContainerItemProxy section */

/* Begin PBXFileReference section */
		1D3942B894E0C15DE019AB26 /* Theme.swift */ = {isa = PBXFileReference; lastKnownFileType = sourcecode.swift; path = Theme.swift; sourceTree = "<group>"; };
		25A157C2783387BF090F6FB1 /* Assets.xcassets */ = {isa = PBXFileReference; lastKnownFileType = folder.assetcatalog; path = Assets.xcassets; sourceTree = "<group>"; };
		2CC38A035AF0863130C91476 /* BrowserURLProvider.swift */ = {isa = PBXFileReference; lastKnownFileType = sourcecode.swift; path = BrowserURLProvider.swift; sourceTree = "<group>"; };
		34B48989EF3BE177C5EC153E /* Icons.swift */ = {isa = PBXFileReference; lastKnownFileType = sourcecode.swift; path = Icons.swift; sourceTree = "<group>"; };
		3C4ABE64BEA1B9412FB02AEF /* PanelShape.swift */ = {isa = PBXFileReference; lastKnownFileType = sourcecode.swift; path = PanelShape.swift; sourceTree = "<group>"; };
		3DD1C47DED498DE898D28917 /* Models.swift */ = {isa = PBXFileReference; lastKnownFileType = sourcecode.swift; path = Models.swift; sourceTree = "<group>"; };
		56974D48D8C10C5E42B784E4 /* Snapshotter.swift */ = {isa = PBXFileReference; lastKnownFileType = sourcecode.swift; path = Snapshotter.swift; sourceTree = "<group>"; };
		5B4A732D8280B1862BDD5202 /* ActiveContext.swift */ = {isa = PBXFileReference; lastKnownFileType = sourcecode.swift; path = ActiveContext.swift; sourceTree = "<group>"; };
		5BBD353DB06F3134344DD9AB /* AppDelegate.swift */ = {isa = PBXFileReference; lastKnownFileType = sourcecode.swift; path = AppDelegate.swift; sourceTree = "<group>"; };
		5FB177C1886E17B3B4B71CFF /* Tracker.swift */ = {isa = PBXFileReference; lastKnownFileType = sourcecode.swift; path = Tracker.swift; sourceTree = "<group>"; };
		681B1403702E9F0496F06CEA /* StaticSources.swift */ = {isa = PBXFileReference; lastKnownFileType = sourcecode.swift; path = StaticSources.swift; sourceTree = "<group>"; };
		71C2EF5A99BE3D549E41B48F /* PanelView.swift */ = {isa = PBXFileReference; lastKnownFileType = sourcecode.swift; path = PanelView.swift; sourceTree = "<group>"; };
		743940966156A31F9B16308C /* StatusItemController.swift */ = {isa = PBXFileReference; lastKnownFileType = sourcecode.swift; path = StatusItemController.swift; sourceTree = "<group>"; };
		8F6AC281AB074DE2BF8548AA /* PanelController.swift */ = {isa = PBXFileReference; lastKnownFileType = sourcecode.swift; path = PanelController.swift; sourceTree = "<group>"; };
		912CAD02A86283A043A58B15 /* Store.swift */ = {isa = PBXFileReference; lastKnownFileType = sourcecode.swift; path = Store.swift; sourceTree = "<group>"; };
		A658A9BB8B7C5E2ABA91B2D4 /* Format.swift */ = {isa = PBXFileReference; lastKnownFileType = sourcecode.swift; path = Format.swift; sourceTree = "<group>"; };
		A6D85FDCD35A04BCC5F7F4BA /* Ratio.swift */ = {isa = PBXFileReference; lastKnownFileType = sourcecode.swift; path = Ratio.swift; sourceTree = "<group>"; };
		BFBCA20E4DD2AA7397DE6EBD /* main.swift */ = {isa = PBXFileReference; lastKnownFileType = sourcecode.swift; path = main.swift; sourceTree = "<group>"; };
		C4EA493B4ECCA6FC2CD1C970 /* LaunchAtLogin.swift */ = {isa = PBXFileReference; lastKnownFileType = sourcecode.swift; path = LaunchAtLogin.swift; sourceTree = "<group>"; };
		CC42B26320AB05CDF33D145E /* IdleMonitor.swift */ = {isa = PBXFileReference; lastKnownFileType = sourcecode.swift; path = IdleMonitor.swift; sourceTree = "<group>"; };
		D94B8C3D3EF9596DB63F0CB9 /* SplitTests.swift */ = {isa = PBXFileReference; lastKnownFileType = sourcecode.swift; path = SplitTests.swift; sourceTree = "<group>"; };
		ED26A53357D4F7D083BE0747 /* Split.app */ = {isa = PBXFileReference; explicitFileType = wrapper.application; includeInIndex = 0; path = Split.app; sourceTree = BUILT_PRODUCTS_DIR; };
		F257C6C39F313BE954A27B0A /* SplitTests.xctest */ = {isa = PBXFileReference; explicitFileType = wrapper.cfbundle; includeInIndex = 0; path = SplitTests.xctest; sourceTree = BUILT_PRODUCTS_DIR; };
/* End PBXFileReference section */

/* Begin PBXGroup section */
		07740D10FED7F0BA54554CED /* App */ = {
			isa = PBXGroup;
			children = (
				5BBD353DB06F3134344DD9AB /* AppDelegate.swift */,
				BFBCA20E4DD2AA7397DE6EBD /* main.swift */,
				56974D48D8C10C5E42B784E4 /* Snapshotter.swift */,
			);
			path = App;
			sourceTree = "<group>";
		};
		248C040568B038EF92373CCB = {
			isa = PBXGroup;
			children = (
				6A7DBFBF2A8D46E8A2691342 /* Resources */,
				D2FB1600C2A56FFE28DFAEC2 /* Sources */,
				7048DCF62EDA7BF60C6D5D89 /* Tests */,
				700BE636AC9995F0E21ED835 /* Products */,
			);
			sourceTree = "<group>";
		};
		62018C3AA138D5AAD4C32A08 /* UI */ = {
			isa = PBXGroup;
			children = (
				34B48989EF3BE177C5EC153E /* Icons.swift */,
				3C4ABE64BEA1B9412FB02AEF /* PanelShape.swift */,
				71C2EF5A99BE3D549E41B48F /* PanelView.swift */,
				1D3942B894E0C15DE019AB26 /* Theme.swift */,
			);
			path = UI;
			sourceTree = "<group>";
		};
		6A7DBFBF2A8D46E8A2691342 /* Resources */ = {
			isa = PBXGroup;
			children = (
				25A157C2783387BF090F6FB1 /* Assets.xcassets */,
			);
			path = Resources;
			sourceTree = "<group>";
		};
		6DDF43A0781375A4C6EF382B /* StatusBar */ = {
			isa = PBXGroup;
			children = (
				8F6AC281AB074DE2BF8548AA /* PanelController.swift */,
				743940966156A31F9B16308C /* StatusItemController.swift */,
			);
			path = StatusBar;
			sourceTree = "<group>";
		};
		700BE636AC9995F0E21ED835 /* Products */ = {
			isa = PBXGroup;
			children = (
				ED26A53357D4F7D083BE0747 /* Split.app */,
				F257C6C39F313BE954A27B0A /* SplitTests.xctest */,
			);
			name = Products;
			sourceTree = "<group>";
		};
		7048DCF62EDA7BF60C6D5D89 /* Tests */ = {
			isa = PBXGroup;
			children = (
				D94B8C3D3EF9596DB63F0CB9 /* SplitTests.swift */,
			);
			path = Tests;
			sourceTree = "<group>";
		};
		79B4066E85956F03B99DB721 /* Tracking */ = {
			isa = PBXGroup;
			children = (
				5B4A732D8280B1862BDD5202 /* ActiveContext.swift */,
				2CC38A035AF0863130C91476 /* BrowserURLProvider.swift */,
				CC42B26320AB05CDF33D145E /* IdleMonitor.swift */,
				C4EA493B4ECCA6FC2CD1C970 /* LaunchAtLogin.swift */,
				681B1403702E9F0496F06CEA /* StaticSources.swift */,
				5FB177C1886E17B3B4B71CFF /* Tracker.swift */,
			);
			path = Tracking;
			sourceTree = "<group>";
		};
		B41EDF34CA7743CF980E80B7 /* Model */ = {
			isa = PBXGroup;
			children = (
				A658A9BB8B7C5E2ABA91B2D4 /* Format.swift */,
				3DD1C47DED498DE898D28917 /* Models.swift */,
				A6D85FDCD35A04BCC5F7F4BA /* Ratio.swift */,
				912CAD02A86283A043A58B15 /* Store.swift */,
			);
			path = Model;
			sourceTree = "<group>";
		};
		D2FB1600C2A56FFE28DFAEC2 /* Sources */ = {
			isa = PBXGroup;
			children = (
				07740D10FED7F0BA54554CED /* App */,
				B41EDF34CA7743CF980E80B7 /* Model */,
				6DDF43A0781375A4C6EF382B /* StatusBar */,
				79B4066E85956F03B99DB721 /* Tracking */,
				62018C3AA138D5AAD4C32A08 /* UI */,
			);
			path = Sources;
			sourceTree = "<group>";
		};
/* End PBXGroup section */

/* Begin PBXNativeTarget section */
		0BB76617CB56D0A8897921DA /* Split */ = {
			isa = PBXNativeTarget;
			buildConfigurationList = 8064AB624B397E083D56EDAB /* Build configuration list for PBXNativeTarget "Split" */;
			buildPhases = (
				5FE8E81660004C04A8848527 /* Sources */,
				625A676C55A3A20DB6192E95 /* Resources */,
			);
			buildRules = (
			);
			dependencies = (
			);
			name = Split;
			packageProductDependencies = (
			);
			productName = Split;
			productReference = ED26A53357D4F7D083BE0747 /* Split.app */;
			productType = "com.apple.product-type.application";
		};
		45DE1FC3D768FB515011C349 /* SplitTests */ = {
			isa = PBXNativeTarget;
			buildConfigurationList = F349D5BD3DAE99FD19DB34C6 /* Build configuration list for PBXNativeTarget "SplitTests" */;
			buildPhases = (
				5AE5DD4F8021B26A24D8E94B /* Sources */,
			);
			buildRules = (
			);
			dependencies = (
				0D9B96EF2416178E1EA18680 /* PBXTargetDependency */,
			);
			name = SplitTests;
			packageProductDependencies = (
			);
			productName = SplitTests;
			productReference = F257C6C39F313BE954A27B0A /* SplitTests.xctest */;
			productType = "com.apple.product-type.bundle.unit-test";
		};
/* End PBXNativeTarget section */

/* Begin PBXProject section */
		39487DDC6B8877F538585529 /* Project object */ = {
			isa = PBXProject;
			attributes = {
				BuildIndependentTargetsInParallel = YES;
				LastUpgradeCheck = 1500;
				TargetAttributes = {
					0BB76617CB56D0A8897921DA = {
						DevelopmentTeam = "";
						ProvisioningStyle = Manual;
					};
					45DE1FC3D768FB515011C349 = {
						DevelopmentTeam = "";
						ProvisioningStyle = Manual;
					};
				};
			};
			buildConfigurationList = 2EE19D4B1BFD9DE84B673725 /* Build configuration list for PBXProject "Split" */;
			developmentRegion = en;
			hasScannedForEncodings = 0;
			knownRegions = (
				Base,
				en,
			);
			mainGroup = 248C040568B038EF92373CCB;
			minimizedProjectReferenceProxies = 1;
			preferredProjectObjectVersion = 77;
			productRefGroup = 700BE636AC9995F0E21ED835 /* Products */;
			projectDirPath = "";
			projectRoot = "";
			targets = (
				0BB76617CB56D0A8897921DA /* Split */,
				45DE1FC3D768FB515011C349 /* SplitTests */,
			);
		};
/* End PBXProject section */

/* Begin PBXResourcesBuildPhase section */
		625A676C55A3A20DB6192E95 /* Resources */ = {
			isa = PBXResourcesBuildPhase;
			buildActionMask = 2147483647;
			files = (
				1D57853F7ECE0D421110B294 /* Assets.xcassets in Resources */,
			);
			runOnlyForDeploymentPostprocessing = 0;
		};
/* End PBXResourcesBuildPhase section */

/* Begin PBXSourcesBuildPhase section */
		5AE5DD4F8021B26A24D8E94B /* Sources */ = {
			isa = PBXSourcesBuildPhase;
			buildActionMask = 2147483647;
			files = (
				F8B334CECFD7229513C84618 /* SplitTests.swift in Sources */,
			);
			runOnlyForDeploymentPostprocessing = 0;
		};
		5FE8E81660004C04A8848527 /* Sources */ = {
			isa = PBXSourcesBuildPhase;
			buildActionMask = 2147483647;
			files = (
				3A2559C980B070118963B104 /* ActiveContext.swift in Sources */,
				E9913509F58E86C6EEF92FD0 /* AppDelegate.swift in Sources */,
				200D0C444EEA45B555BBF6E2 /* BrowserURLProvider.swift in Sources */,
				15C630F7FE81723F2780045B /* Format.swift in Sources */,
				998453D85903788E7DB51526 /* Icons.swift in Sources */,
				A7377035A1DA57F302E0E182 /* IdleMonitor.swift in Sources */,
				707FD17C50E8E68CE9CDD788 /* LaunchAtLogin.swift in Sources */,
				1B096F1E805912EF42AEFAF5 /* Models.swift in Sources */,
				9A223AB5DCC3E5072E3505BA /* PanelController.swift in Sources */,
				B41C750D1D835C8DE170133B /* PanelShape.swift in Sources */,
				B02C0244EE3540D9CF9C4150 /* PanelView.swift in Sources */,
				4FD1CC8F6F5EA0DE92A9508C /* Ratio.swift in Sources */,
				C5086C8287B655605BB0DEFF /* Snapshotter.swift in Sources */,
				AFADF5FC0C574619D34F52B5 /* StaticSources.swift in Sources */,
				D3694F605FB21CE75468D04F /* StatusItemController.swift in Sources */,
				A6B3D85195C7FDA7E8C717E7 /* Store.swift in Sources */,
				39E7264349E180A5237184D2 /* Theme.swift in Sources */,
				B24D228BB0776566501078B1 /* Tracker.swift in Sources */,
				6EE72487DE53DA12BA2D8FF3 /* main.swift in Sources */,
			);
			runOnlyForDeploymentPostprocessing = 0;
		};
/* End PBXSourcesBuildPhase section */

/* Begin PBXTargetDependency section */
		0D9B96EF2416178E1EA18680 /* PBXTargetDependency */ = {
			isa = PBXTargetDependency;
			target = 0BB76617CB56D0A8897921DA /* Split */;
			targetProxy = 9022D08A1405E7A5CAC804B8 /* PBXContainerItemProxy */;
		};
/* End PBXTargetDependency section */

/* Begin XCBuildConfiguration section */
		1076C514FF16E01A68DB9479 /* Debug */ = {
			isa = XCBuildConfiguration;
			buildSettings = {
				ALWAYS_SEARCH_USER_PATHS = NO;
				CLANG_ANALYZER_NONNULL = YES;
				CLANG_ANALYZER_NUMBER_OBJECT_CONVERSION = YES_AGGRESSIVE;
				CLANG_CXX_LANGUAGE_STANDARD = "gnu++14";
				CLANG_CXX_LIBRARY = "libc++";
				CLANG_ENABLE_MODULES = YES;
				CLANG_ENABLE_OBJC_ARC = YES;
				CLANG_ENABLE_OBJC_WEAK = YES;
				CLANG_WARN_BLOCK_CAPTURE_AUTORELEASING = YES;
				CLANG_WARN_BOOL_CONVERSION = YES;
				CLANG_WARN_COMMA = YES;
				CLANG_WARN_CONSTANT_CONVERSION = YES;
				CLANG_WARN_DEPRECATED_OBJC_IMPLEMENTATIONS = YES;
				CLANG_WARN_DIRECT_OBJC_ISA_USAGE = YES_ERROR;
				CLANG_WARN_DOCUMENTATION_COMMENTS = YES;
				CLANG_WARN_EMPTY_BODY = YES;
				CLANG_WARN_ENUM_CONVERSION = YES;
				CLANG_WARN_INFINITE_RECURSION = YES;
				CLANG_WARN_INT_CONVERSION = YES;
				CLANG_WARN_NON_LITERAL_NULL_CONVERSION = YES;
				CLANG_WARN_OBJC_IMPLICIT_RETAIN_SELF = YES;
				CLANG_WARN_OBJC_LITERAL_CONVERSION = YES;
				CLANG_WARN_OBJC_ROOT_CLASS = YES_ERROR;
				CLANG_WARN_QUOTED_INCLUDE_IN_FRAMEWORK_HEADER = YES;
				CLANG_WARN_RANGE_LOOP_ANALYSIS = YES;
				CLANG_WARN_STRICT_PROTOTYPES = YES;
				CLANG_WARN_SUSPICIOUS_MOVE = YES;
				CLANG_WARN_UNGUARDED_AVAILABILITY = YES_AGGRESSIVE;
				CLANG_WARN_UNREACHABLE_CODE = YES;
				CLANG_WARN__DUPLICATE_METHOD_MATCH = YES;
				CODE_SIGN_IDENTITY = "-";
				CODE_SIGN_STYLE = Manual;
				COPY_PHASE_STRIP = NO;
				CURRENT_PROJECT_VERSION = 1;
				DEAD_CODE_STRIPPING = YES;
				DEBUG_INFORMATION_FORMAT = dwarf;
				DEVELOPMENT_TEAM = "";
				ENABLE_HARDENED_RUNTIME = YES;
				ENABLE_STRICT_OBJC_MSGSEND = YES;
				ENABLE_TESTABILITY = YES;
				GCC_C_LANGUAGE_STANDARD = gnu11;
				GCC_DYNAMIC_NO_PIC = NO;
				GCC_NO_COMMON_BLOCKS = YES;
				GCC_OPTIMIZATION_LEVEL = 0;
				GCC_PREPROCESSOR_DEFINITIONS = (
					"$(inherited)",
					"DEBUG=1",
				);
				GCC_WARN_64_TO_32_BIT_CONVERSION = YES;
				GCC_WARN_ABOUT_RETURN_TYPE = YES_ERROR;
				GCC_WARN_UNDECLARED_SELECTOR = YES;
				GCC_WARN_UNINITIALIZED_AUTOS = YES_AGGRESSIVE;
				GCC_WARN_UNUSED_FUNCTION = YES;
				GCC_WARN_UNUSED_VARIABLE = YES;
				MACOSX_DEPLOYMENT_TARGET = 13.0;
				MARKETING_VERSION = 1.0.0;
				MTL_ENABLE_DEBUG_INFO = INCLUDE_SOURCE;
				MTL_FAST_MATH = YES;
				ONLY_ACTIVE_ARCH = YES;
				PRODUCT_NAME = "$(TARGET_NAME)";
				SDKROOT = macosx;
				SWIFT_ACTIVE_COMPILATION_CONDITIONS = DEBUG;
				SWIFT_OPTIMIZATION_LEVEL = "-Onone";
				SWIFT_TREAT_WARNINGS_AS_ERRORS = NO;
				SWIFT_VERSION = 5.9;
			};
			name = Debug;
		};
		25537D5226719B2BB2A696F4 /* Release */ = {
			isa = XCBuildConfiguration;
			buildSettings = {
				BUNDLE_LOADER = "$(TEST_HOST)";
				CODE_SIGN_IDENTITY = "-";
				COMBINE_HIDPI_IMAGES = YES;
				GENERATE_INFOPLIST_FILE = YES;
				LD_RUNPATH_SEARCH_PATHS = (
					"$(inherited)",
					"@executable_path/../Frameworks",
					"@loader_path/../Frameworks",
				);
				PRODUCT_BUNDLE_IDENTIFIER = com.consumecreate.split.tests;
				SDKROOT = macosx;
				TEST_HOST = "$(BUILT_PRODUCTS_DIR)/Split.app/Contents/MacOS/Split";
			};
			name = Release;
		};
		36E03025A33A8A09E2B08A98 /* Release */ = {
			isa = XCBuildConfiguration;
			buildSettings = {
				ALWAYS_SEARCH_USER_PATHS = NO;
				CLANG_ANALYZER_NONNULL = YES;
				CLANG_ANALYZER_NUMBER_OBJECT_CONVERSION = YES_AGGRESSIVE;
				CLANG_CXX_LANGUAGE_STANDARD = "gnu++14";
				CLANG_CXX_LIBRARY = "libc++";
				CLANG_ENABLE_MODULES = YES;
				CLANG_ENABLE_OBJC_ARC = YES;
				CLANG_ENABLE_OBJC_WEAK = YES;
				CLANG_WARN_BLOCK_CAPTURE_AUTORELEASING = YES;
				CLANG_WARN_BOOL_CONVERSION = YES;
				CLANG_WARN_COMMA = YES;
				CLANG_WARN_CONSTANT_CONVERSION = YES;
				CLANG_WARN_DEPRECATED_OBJC_IMPLEMENTATIONS = YES;
				CLANG_WARN_DIRECT_OBJC_ISA_USAGE = YES_ERROR;
				CLANG_WARN_DOCUMENTATION_COMMENTS = YES;
				CLANG_WARN_EMPTY_BODY = YES;
				CLANG_WARN_ENUM_CONVERSION = YES;
				CLANG_WARN_INFINITE_RECURSION = YES;
				CLANG_WARN_INT_CONVERSION = YES;
				CLANG_WARN_NON_LITERAL_NULL_CONVERSION = YES;
				CLANG_WARN_OBJC_IMPLICIT_RETAIN_SELF = YES;
				CLANG_WARN_OBJC_LITERAL_CONVERSION = YES;
				CLANG_WARN_OBJC_ROOT_CLASS = YES_ERROR;
				CLANG_WARN_QUOTED_INCLUDE_IN_FRAMEWORK_HEADER = YES;
				CLANG_WARN_RANGE_LOOP_ANALYSIS = YES;
				CLANG_WARN_STRICT_PROTOTYPES = YES;
				CLANG_WARN_SUSPICIOUS_MOVE = YES;
				CLANG_WARN_UNGUARDED_AVAILABILITY = YES_AGGRESSIVE;
				CLANG_WARN_UNREACHABLE_CODE = YES;
				CLANG_WARN__DUPLICATE_METHOD_MATCH = YES;
				CODE_SIGN_IDENTITY = "-";
				CODE_SIGN_STYLE = Manual;
				COPY_PHASE_STRIP = NO;
				CURRENT_PROJECT_VERSION = 1;
				DEAD_CODE_STRIPPING = YES;
				DEBUG_INFORMATION_FORMAT = "dwarf-with-dsym";
				DEVELOPMENT_TEAM = "";
				ENABLE_HARDENED_RUNTIME = YES;
				ENABLE_NS_ASSERTIONS = NO;
				ENABLE_STRICT_OBJC_MSGSEND = YES;
				GCC_C_LANGUAGE_STANDARD = gnu11;
				GCC_NO_COMMON_BLOCKS = YES;
				GCC_WARN_64_TO_32_BIT_CONVERSION = YES;
				GCC_WARN_ABOUT_RETURN_TYPE = YES_ERROR;
				GCC_WARN_UNDECLARED_SELECTOR = YES;
				GCC_WARN_UNINITIALIZED_AUTOS = YES_AGGRESSIVE;
				GCC_WARN_UNUSED_FUNCTION = YES;
				GCC_WARN_UNUSED_VARIABLE = YES;
				MACOSX_DEPLOYMENT_TARGET = 13.0;
				MARKETING_VERSION = 1.0.0;
				MTL_ENABLE_DEBUG_INFO = NO;
				MTL_FAST_MATH = YES;
				PRODUCT_NAME = "$(TARGET_NAME)";
				SDKROOT = macosx;
				SWIFT_COMPILATION_MODE = wholemodule;
				SWIFT_OPTIMIZATION_LEVEL = "-O";
				SWIFT_TREAT_WARNINGS_AS_ERRORS = NO;
				SWIFT_VERSION = 5.9;
			};
			name = Release;
		};
		AFDEC02D96FE9272E18A47FB /* Release */ = {
			isa = XCBuildConfiguration;
			buildSettings = {
				ASSETCATALOG_COMPILER_APPICON_NAME = AppIcon;
				ASSETCATALOG_COMPILER_GLOBAL_ACCENT_COLOR_NAME = "";
				CODE_SIGN_ENTITLEMENTS = Resources/Split.entitlements;
				COMBINE_HIDPI_IMAGES = YES;
				ENABLE_USER_SCRIPT_SANDBOXING = NO;
				INFOPLIST_FILE = Resources/Info.plist;
				LD_RUNPATH_SEARCH_PATHS = (
					"$(inherited)",
					"@executable_path/../Frameworks",
				);
				OTHER_SWIFT_FLAGS = "-Xfrontend -warn-long-function-bodies=300";
				PRODUCT_BUNDLE_IDENTIFIER = com.consumecreate.split;
				PRODUCT_NAME = Split;
				SDKROOT = macosx;
				SWIFT_STRICT_CONCURRENCY = minimal;
			};
			name = Release;
		};
		DA837DED6CACDC23CF7FC3E9 /* Debug */ = {
			isa = XCBuildConfiguration;
			buildSettings = {
				BUNDLE_LOADER = "$(TEST_HOST)";
				CODE_SIGN_IDENTITY = "-";
				COMBINE_HIDPI_IMAGES = YES;
				GENERATE_INFOPLIST_FILE = YES;
				LD_RUNPATH_SEARCH_PATHS = (
					"$(inherited)",
					"@executable_path/../Frameworks",
					"@loader_path/../Frameworks",
				);
				PRODUCT_BUNDLE_IDENTIFIER = com.consumecreate.split.tests;
				SDKROOT = macosx;
				TEST_HOST = "$(BUILT_PRODUCTS_DIR)/Split.app/Contents/MacOS/Split";
			};
			name = Debug;
		};
		DB32F06B2B752D1EA8F60869 /* Debug */ = {
			isa = XCBuildConfiguration;
			buildSettings = {
				ASSETCATALOG_COMPILER_APPICON_NAME = AppIcon;
				ASSETCATALOG_COMPILER_GLOBAL_ACCENT_COLOR_NAME = "";
				CODE_SIGN_ENTITLEMENTS = Resources/Split.entitlements;
				COMBINE_HIDPI_IMAGES = YES;
				ENABLE_USER_SCRIPT_SANDBOXING = NO;
				INFOPLIST_FILE = Resources/Info.plist;
				LD_RUNPATH_SEARCH_PATHS = (
					"$(inherited)",
					"@executable_path/../Frameworks",
				);
				OTHER_SWIFT_FLAGS = "-Xfrontend -warn-long-function-bodies=300";
				PRODUCT_BUNDLE_IDENTIFIER = com.consumecreate.split;
				PRODUCT_NAME = Split;
				SDKROOT = macosx;
				SWIFT_STRICT_CONCURRENCY = minimal;
			};
			name = Debug;
		};
/* End XCBuildConfiguration section */

/* Begin XCConfigurationList section */
		2EE19D4B1BFD9DE84B673725 /* Build configuration list for PBXProject "Split" */ = {
			isa = XCConfigurationList;
			buildConfigurations = (
				1076C514FF16E01A68DB9479 /* Debug */,
				36E03025A33A8A09E2B08A98 /* Release */,
			);
			defaultConfigurationIsVisible = 0;
			defaultConfigurationName = Debug;
		};
		8064AB624B397E083D56EDAB /* Build configuration list for PBXNativeTarget "Split" */ = {
			isa = XCConfigurationList;
			buildConfigurations = (
				DB32F06B2B752D1EA8F60869 /* Debug */,
				AFDEC02D96FE9272E18A47FB /* Release */,
			);
			defaultConfigurationIsVisible = 0;
			defaultConfigurationName = Debug;
		};
		F349D5BD3DAE99FD19DB34C6 /* Build configuration list for PBXNativeTarget "SplitTests" */ = {
			isa = XCConfigurationList;
			buildConfigurations = (
				DA837DED6CACDC23CF7FC3E9 /* Debug */,
				25537D5226719B2BB2A696F4 /* Release */,
			);
			defaultConfigurationIsVisible = 0;
			defaultConfigurationName = Debug;
		};
/* End XCConfigurationList section */
	};
	rootObject = 39487DDC6B8877F538585529 /* Project object */;
}
